
Microsoft Visual Studio Solution File, Format Version 12.00
# Visual Studio Version 16
VisualStudioVersion = 16.0.30204.135
MinimumVisualStudioVersion = 10.0.40219.1
Project("{9A19103F-16F7-4668-BE54-9A1E7A4F7556}") = "ContainerCreationUsingDockerAPI", "ContainerCreationUsingDockerAPI\ContainerCreationUsingDockerAPI.csproj", "{D26AE5CC-42B8-4318-BD2A-C149B294521E}"
EndProject
Global
	GlobalSection(SolutionConfigurationPlatforms) = preSolution
		Debug|Any CPU = Debug|Any CPU
		Release|Any CPU = Release|Any CPU
	EndGlobalSection
	GlobalSection(ProjectConfigurationPlatforms) = postSolution
		{D26AE5CC-42B8-4318-BD2A-C149B294521E}.Debug|Any CPU.ActiveCfg = Debug|Any CPU
		{D26AE5CC-42B8-4318-BD2A-C149B294521E}.Debug|Any CPU.Build.0 = Debug|Any CPU
		{D26AE5CC-42B8-4318-BD2A-C149B294521E}.Release|Any CPU.ActiveCfg = Release|Any CPU
		{D26AE5CC-42B8-4318-BD2A-C149B294521E}.Release|Any CPU.Build.0 = Release|Any CPU
	EndGlobalSection
	GlobalSection(SolutionProperties) = preSolution
		HideSolutionNode = FALSE
	EndGlobalSection
	GlobalSection(ExtensibilityGlobals) = postSolution
		SolutionGuid = {83A62977-7B02-445C-B13A-31DBDB294F37}
	EndGlobalSection
EndGlobal
